<?xml version="1.0" encoding="utf-8"?>
<Project ToolsVersion="4.0" xmlns="http://schemas.microsoft.com/developer/msbuild/2003">
  <ItemGroup>
    <ClCompile Include="src\Main.cpp" />
    <ClCompile Include="src\Lexer.cpp" />
    <ClCompile Include="src\Utils.cpp" />
    <ClCompile Include="src\Environment.cpp" />
    <ClCompile Include="src\Evaluator.cpp" />
  </ItemGroup>
  <ItemGroup>
    <ClInclude Include="src\SP.h" />
  </ItemGroup>
  <ItemGroup>
    <None Include="demo.sp" />
  </ItemGroup>
</Project>